
Microsoft Visual Studio Solution File, Format Version 12.00
# Visual Studio Version 17
VisualStudioVersion = 17.13.35825.156 d17.13
MinimumVisualStudioVersion = 10.0.40219.1
Project("{FAE04EC0-301F-11D3-BF4B-00C04F79EFBC}") = "ConsoleApp1", "ConsoleApp1.csproj", "{A42378DC-F9EE-4318-A326-ECD638D2AC8D}"
EndProject
Global
	GlobalSection(SolutionConfigurationPlatforms) = preSolution
		Debug|Any CPU = Debug|Any CPU
		Release|Any CPU = Release|Any CPU
	EndGlobalSection
	GlobalSection(ProjectConfigurationPlatforms) = postSolution
		{A42378DC-F9EE-4318-A326-ECD638D2AC8D}.Debug|Any CPU.ActiveCfg = Debug|Any CPU
		{A42378DC-F9EE-4318-A326-ECD638D2AC8D}.Debug|Any CPU.Build.0 = Debug|Any CPU
		{A42378DC-F9EE-4318-A326-ECD638D2AC8D}.Release|Any CPU.ActiveCfg = Release|Any CPU
		{A42378DC-F9EE-4318-A326-ECD638D2AC8D}.Release|Any CPU.Build.0 = Release|Any CPU
	EndGlobalSection
	GlobalSection(SolutionProperties) = preSolution
		HideSolutionNode = FALSE
	EndGlobalSection
	GlobalSection(ExtensibilityGlobals) = postSolution
		SolutionGuid = {916786BC-4591-4361-BD69-278C410D315D}
	EndGlobalSection
EndGlobal
