
Microsoft Visual Studio Solution File, Format Version 12.00
# Visual Studio Version 17
VisualStudioVersion = 17.13.35931.197 d17.13
MinimumVisualStudioVersion = 10.0.40219.1
Project("{FAE04EC0-301F-11D3-BF4B-00C04F79EFBC}") = "Heranca", "Heranca\Heranca.csproj", "{991779EE-D917-4BAC-AE04-022A1223EC7E}"
EndProject
Global
	GlobalSection(SolutionConfigurationPlatforms) = preSolution
		Debug|Any CPU = Debug|Any CPU
		Release|Any CPU = Release|Any CPU
	EndGlobalSection
	GlobalSection(ProjectConfigurationPlatforms) = postSolution
		{991779EE-D917-4BAC-AE04-022A1223EC7E}.Debug|Any CPU.ActiveCfg = Debug|Any CPU
		{991779EE-D917-4BAC-AE04-022A1223EC7E}.Debug|Any CPU.Build.0 = Debug|Any CPU
		{991779EE-D917-4BAC-AE04-022A1223EC7E}.Release|Any CPU.ActiveCfg = Release|Any CPU
		{991779EE-D917-4BAC-AE04-022A1223EC7E}.Release|Any CPU.Build.0 = Release|Any CPU
	EndGlobalSection
	GlobalSection(SolutionProperties) = preSolution
		HideSolutionNode = FALSE
	EndGlobalSection
	GlobalSection(ExtensibilityGlobals) = postSolution
		SolutionGuid = {86D87269-A9CF-4077-8814-E7289B83CD17}
	EndGlobalSection
EndGlobal
