
Microsoft Visual Studio Solution File, Format Version 12.00
# Visual Studio Version 17
VisualStudioVersion = 17.13.35825.156 d17.13
MinimumVisualStudioVersion = 10.0.40219.1
Project("{FAE04EC0-301F-11D3-BF4B-00C04F79EFBC}") = "EX1 = (Classes, OBJ, ATriB)", "EX1 = (Classes, OBJ, ATriB).csproj", "{C35FB919-8F6D-4D95-B9F7-9F255F8A53F7}"
EndProject
Global
	GlobalSection(SolutionConfigurationPlatforms) = preSolution
		Debug|Any CPU = Debug|Any CPU
		Release|Any CPU = Release|Any CPU
	EndGlobalSection
	GlobalSection(ProjectConfigurationPlatforms) = postSolution
		{C35FB919-8F6D-4D95-B9F7-9F255F8A53F7}.Debug|Any CPU.ActiveCfg = Debug|Any CPU
		{C35FB919-8F6D-4D95-B9F7-9F255F8A53F7}.Debug|Any CPU.Build.0 = Debug|Any CPU
		{C35FB919-8F6D-4D95-B9F7-9F255F8A53F7}.Release|Any CPU.ActiveCfg = Release|Any CPU
		{C35FB919-8F6D-4D95-B9F7-9F255F8A53F7}.Release|Any CPU.Build.0 = Release|Any CPU
	EndGlobalSection
	GlobalSection(SolutionProperties) = preSolution
		HideSolutionNode = FALSE
	EndGlobalSection
	GlobalSection(ExtensibilityGlobals) = postSolution
		SolutionGuid = {1BB6A06F-2BD5-4FEA-A6DE-28ABE723F9F6}
	EndGlobalSection
EndGlobal
